
Microsoft Visual Studio Solution File, Format Version 12.00
# Visual Studio Version 17
VisualStudioVersion = 17.11.35312.102
MinimumVisualStudioVersion = 10.0.40219.1
Project("{8BC9CEB8-8B4A-11D0-8D11-00A0C91BC942}") = "‘string_operations.cpp", "‘string_operations.cpp\‘string_operations.cpp.vcxproj", "{E817B84B-C9F5-4A20-BD1D-AC7E416FD626}"
EndProject
Global
	GlobalSection(SolutionConfigurationPlatforms) = preSolution
		Debug|x64 = Debug|x64
		Debug|x86 = Debug|x86
		Release|x64 = Release|x64
		Release|x86 = Release|x86
	EndGlobalSection
	GlobalSection(ProjectConfigurationPlatforms) = postSolution
		{E817B84B-C9F5-4A20-BD1D-AC7E416FD626}.Debug|x64.ActiveCfg = Debug|x64
		{E817B84B-C9F5-4A20-BD1D-AC7E416FD626}.Debug|x64.Build.0 = Debug|x64
		{E817B84B-C9F5-4A20-BD1D-AC7E416FD626}.Debug|x86.ActiveCfg = Debug|Win32
		{E817B84B-C9F5-4A20-BD1D-AC7E416FD626}.Debug|x86.Build.0 = Debug|Win32
		{E817B84B-C9F5-4A20-BD1D-AC7E416FD626}.Release|x64.ActiveCfg = Release|x64
		{E817B84B-C9F5-4A20-BD1D-AC7E416FD626}.Release|x64.Build.0 = Release|x64
		{E817B84B-C9F5-4A20-BD1D-AC7E416FD626}.Release|x86.ActiveCfg = Release|Win32
		{E817B84B-C9F5-4A20-BD1D-AC7E416FD626}.Release|x86.Build.0 = Release|Win32
	EndGlobalSection
	GlobalSection(SolutionProperties) = preSolution
		HideSolutionNode = FALSE
	EndGlobalSection
	GlobalSection(ExtensibilityGlobals) = postSolution
		SolutionGuid = {CECBB863-C0DE-4238-84B2-45F55CEFFC29}
	EndGlobalSection
EndGlobal
